
Microsoft Visual Studio Solution File, Format Version 12.00
# Visual Studio Version 16
VisualStudioVersion = 16.0.30907.101
MinimumVisualStudioVersion = 10.0.40219.1
Project("{FAE04EC0-301F-11D3-BF4B-00C04F79EFBC}") = "MyDynDns.Client", "MyDynDns.Client\MyDynDns.Client.csproj", "{3CA15E7F-A8FA-450E-8DDC-08FF68130152}"
EndProject
Global
	GlobalSection(SolutionConfigurationPlatforms) = preSolution
		Debug|Any CPU = Debug|Any CPU
		Release|Any CPU = Release|Any CPU
	EndGlobalSection
	GlobalSection(ProjectConfigurationPlatforms) = postSolution
		{3CA15E7F-A8FA-450E-8DDC-08FF68130152}.Debug|Any CPU.ActiveCfg = Debug|Any CPU
		{3CA15E7F-A8FA-450E-8DDC-08FF68130152}.Debug|Any CPU.Build.0 = Debug|Any CPU
		{3CA15E7F-A8FA-450E-8DDC-08FF68130152}.Release|Any CPU.ActiveCfg = Release|Any CPU
		{3CA15E7F-A8FA-450E-8DDC-08FF68130152}.Release|Any CPU.Build.0 = Release|Any CPU
	EndGlobalSection
	GlobalSection(SolutionProperties) = preSolution
		HideSolutionNode = FALSE
	EndGlobalSection
	GlobalSection(ExtensibilityGlobals) = postSolution
		SolutionGuid = {0665F43F-E785-4E27-B7A0-16C868B45B69}
	EndGlobalSection
EndGlobal
